
Microsoft Visual Studio Solution File, Format Version 12.00
# Visual Studio Version 16
VisualStudioVersion = 16.0.29613.14
MinimumVisualStudioVersion = 10.0.40219.1
Project("{FAE04EC0-301F-11D3-BF4B-00C04F79EFBC}") = "UDaspspice", "UDaspspice\UDaspspice.csproj", "{117CCDEB-20EE-4B79-A3E9-EEF7AA4DB7F9}"
EndProject
Global
	GlobalSection(SolutionConfigurationPlatforms) = preSolution
		Debug|Any CPU = Debug|Any CPU
		Release|Any CPU = Release|Any CPU
	EndGlobalSection
	GlobalSection(ProjectConfigurationPlatforms) = postSolution
		{117CCDEB-20EE-4B79-A3E9-EEF7AA4DB7F9}.Debug|Any CPU.ActiveCfg = Debug|Any CPU
		{117CCDEB-20EE-4B79-A3E9-EEF7AA4DB7F9}.Debug|Any CPU.Build.0 = Debug|Any CPU
		{117CCDEB-20EE-4B79-A3E9-EEF7AA4DB7F9}.Release|Any CPU.ActiveCfg = Release|Any CPU
		{117CCDEB-20EE-4B79-A3E9-EEF7AA4DB7F9}.Release|Any CPU.Build.0 = Release|Any CPU
	EndGlobalSection
	GlobalSection(SolutionProperties) = preSolution
		HideSolutionNode = FALSE
	EndGlobalSection
	GlobalSection(ExtensibilityGlobals) = postSolution
		SolutionGuid = {6EC28E1B-DFF6-4783-86A3-4501E7EF5604}
	EndGlobalSection
EndGlobal
